// !$*UTF8*$!
{
	archiveVersion = 1;
	classes = {
	};
	objectVersion = 77;
	objects = {

/* Begin PBXBuildFile section */
		1A08DE422D15A4EE00F49C6A /* Lottie in Frameworks */ = {isa = PBXBuildFile; productRef = 1A08DE412D15A4EE00F49C6A /* Lottie */; };
/* End PBXBuildFile section */

/* Begin PBXContainerItemProxy section */
		1A56A73C2D0EF0D20024D880 /* PBXContainerItemProxy */ = {
			isa = PBXContainerItemProxy;
			containerPortal = 1A56A7232D0EF0AE0024D880 /* Project object */;
			proxyType = 1;
			remoteGlobalIDString = 1A56A72A2D0EF0AF0024D880;
			remoteInfo = WeatherLite;
		};
		1A56A7462D0EF0D20024D880 /* PBXContainerItemProxy */ = {
			isa = PBXContainerItemProxy;
			containerPortal = 1A56A7232D0EF0AE0024D880 /* Project object */;
			proxyType = 1;
			remoteGlobalIDString = 1A56A72A2D0EF0AF0024D880;
			remoteInfo = WeatherLite;
		};
/* End PBXContainerItemProxy section */

/* Begin PBXFileReference section */
		1A56A72B2D0EF0AF0024D880 /* WeatherLite.app */ = {isa = PBXFileReference; explicitFileType = wrapper.application; includeInIndex = 0; path = WeatherLite.app; sourceTree = BUILT_PRODUCTS_DIR; };
		1A56A73B2D0EF0D20024D880 /* WeatherLiteTests.xctest */ = {isa = PBXFileReference; explicitFileType = wrapper.cfbundle; includeInIndex = 0; path = WeatherLiteTests.xctest; sourceTree = BUILT_PRODUCTS_DIR; };
		1A56A7452D0EF0D20024D880 /* WeatherLiteUITests.xctest */ = {isa = PBXFileReference; explicitFileType = wrapper.cfbundle; includeInIndex = 0; path = WeatherLiteUITests.xctest; sourceTree = BUILT_PRODUCTS_DIR; };
/* End PBXFileReference section */

/* Begin PBXFileSystemSynchronizedRootGroup section */
		1A56A73E2D0EF0D20024D880 /* WeatherLiteTests */ = {
			isa = PBXFileSystemSynchronizedRootGroup;
			path = WeatherLiteTests;
			sourceTree = "<group>";
		};
		1A56A7482D0EF0D20024D880 /* WeatherLiteUITests */ = {
			isa = PBXFileSystemSynchronizedRootGroup;
			path = WeatherLiteUITests;
			sourceTree = "<group>";
		};
		1A56A76D2D0EF1F50024D880 /* WeatherLite */ = {
			isa = PBXFileSystemSynchronizedRootGroup;
			path = WeatherLite;
			sourceTree = "<group>";
		};
/* End PBXFileSystemSynchronizedRootGroup section */

/* Begin PBXFrameworksBuildPhase section */
		1A56A7282D0EF0AF0024D880 /* Frameworks */ = {
			isa = PBXFrameworksBuildPhase;
			buildActionMask = 2147483647;
			files = (
				1A08DE422D15A4EE00F49C6A /* Lottie in Frameworks */,
			);
			runOnlyForDeploymentPostprocessing = 0;
		};
		1A56A7382D0EF0D10024D880 /* Frameworks */ = {
			isa = PBXFrameworksBuildPhase;
			buildActionMask = 2147483647;
			files = (
			);
			runOnlyForDeploymentPostprocessing = 0;
		};
		1A56A7422D0EF0D20024D880 /* Frameworks */ = {
			isa = PBXFrameworksBuildPhase;
			buildActionMask = 2147483647;
			files = (
			);
			runOnlyForDeploymentPostprocessing = 0;
		};
/* End PBXFrameworksBuildPhase section */

/* Begin PBXGroup section */
		1A56A7222D0EF0AE0024D880 = {
			isa = PBXGroup;
			children = (
				1A56A76D2D0EF1F50024D880 /* WeatherLite */,
				1A56A73E2D0EF0D20024D880 /* WeatherLiteTests */,
				1A56A7482D0EF0D20024D880 /* WeatherLiteUITests */,
				1A56A72C2D0EF0AF0024D880 /* Products */,
			);
			sourceTree = "<group>";
		};
		1A56A72C2D0EF0AF0024D880 /* Products */ = {
			isa = PBXGroup;
			children = (
				1A56A72B2D0EF0AF0024D880 /* WeatherLite.app */,
				1A56A73B2D0EF0D20024D880 /* WeatherLiteTests.xctest */,
				1A56A7452D0EF0D20024D880 /* WeatherLiteUITests.xctest */,
			);
			name = Products;
			sourceTree = "<group>";
		};
/* End PBXGroup section */

/* Begin PBXNativeTarget section */
		1A56A72A2D0EF0AF0024D880 /* WeatherLite */ = {
			isa = PBXNativeTarget;
			buildConfigurationList = 1A56A74F2D0EF0D20024D880 /* Build configuration list for PBXNativeTarget "WeatherLite" */;
			buildPhases = (
				1A56A7272D0EF0AF0024D880 /* Sources */,
				1A56A7282D0EF0AF0024D880 /* Frameworks */,
				1A56A7292D0EF0AF0024D880 /* Resources */,
			);
			buildRules = (
			);
			dependencies = (
			);
			fileSystemSynchronizedGroups = (
				1A56A76D2D0EF1F50024D880 /* WeatherLite */,
			);
			name = WeatherLite;
			packageProductDependencies = (
				1A08DE412D15A4EE00F49C6A /* Lottie */,
			);
			productName = WeatherLite;
			productReference = 1A56A72B2D0EF0AF0024D880 /* WeatherLite.app */;
			productType = "com.apple.product-type.application";
		};
		1A56A73A2D0EF0D10024D880 /* WeatherLiteTests */ = {
			isa = PBXNativeTarget;
			buildConfigurationList = 1A56A7522D0EF0D20024D880 /* Build configuration list for PBXNativeTarget "WeatherLiteTests" */;
			buildPhases = (
				1A56A7372D0EF0D10024D880 /* Sources */,
				1A56A7382D0EF0D10024D880 /* Frameworks */,
				1A56A7392D0EF0D10024D880 /* Resources */,
			);
			buildRules = (
			);
			dependencies = (
				1A56A73D2D0EF0D20024D880 /* PBXTargetDependency */,
			);
			fileSystemSynchronizedGroups = (
				1A56A73E2D0EF0D20024D880 /* WeatherLiteTests */,
			);
			name = WeatherLiteTests;
			packageProductDependencies = (
			);
			productName = WeatherLiteTests;
			productReference = 1A56A73B2D0EF0D20024D880 /* WeatherLiteTests.xctest */;
			productType = "com.apple.product-type.bundle.unit-test";
		};
		1A56A7442D0EF0D20024D880 /* WeatherLiteUITests */ = {
			isa = PBXNativeTarget;
			buildConfigurationList = 1A56A7552D0EF0D20024D880 /* Build configuration list for PBXNativeTarget "WeatherLiteUITests" */;
			buildPhases = (
				1A56A7412D0EF0D20024D880 /* Sources */,
				1A56A7422D0EF0D20024D880 /* Frameworks */,
				1A56A7432D0EF0D20024D880 /* Resources */,
			);
			buildRules = (
			);
			dependencies = (
				1A56A7472D0EF0D20024D880 /* PBXTargetDependency */,
			);
			fileSystemSynchronizedGroups = (
				1A56A7482D0EF0D20024D880 /* WeatherLiteUITests */,
			);
			name = WeatherLiteUITests;
			packageProductDependencies = (
			);
			productName = WeatherLiteUITests;
			productReference = 1A56A7452D0EF0D20024D880 /* WeatherLiteUITests.xctest */;
			productType = "com.apple.product-type.bundle.ui-testing";
		};
/* End PBXNativeTarget section */

/* Begin PBXProject section */
		1A56A7232D0EF0AE0024D880 /* Project object */ = {
			isa = PBXProject;
			attributes = {
				BuildIndependentTargetsInParallel = 1;
				LastSwiftUpdateCheck = 1620;
				LastUpgradeCheck = 1620;
				TargetAttributes = {
					1A56A72A2D0EF0AF0024D880 = {
						CreatedOnToolsVersion = 16.2;
					};
					1A56A73A2D0EF0D10024D880 = {
						CreatedOnToolsVersion = 16.2;
						TestTargetID = 1A56A72A2D0EF0AF0024D880;
					};
					1A56A7442D0EF0D20024D880 = {
						CreatedOnToolsVersion = 16.2;
						TestTargetID = 1A56A72A2D0EF0AF0024D880;
					};
				};
			};
			buildConfigurationList = 1A56A7262D0EF0AF0024D880 /* Build configuration list for PBXProject "WeatherLite" */;
			developmentRegion = en;
			hasScannedForEncodings = 0;
			knownRegions = (
				en,
				Base,
			);
			mainGroup = 1A56A7222D0EF0AE0024D880;
			minimizedProjectReferenceProxies = 1;
			packageReferences = (
				1A08DE402D15A4EE00F49C6A /* XCRemoteSwiftPackageReference "lottie-ios" */,
			);
			preferredProjectObjectVersion = 77;
			productRefGroup = 1A56A72C2D0EF0AF0024D880 /* Products */;
			projectDirPath = "";
			projectRoot = "";
			targets = (
				1A56A72A2D0EF0AF0024D880 /* WeatherLite */,
				1A56A73A2D0EF0D10024D880 /* WeatherLiteTests */,
				1A56A7442D0EF0D20024D880 /* WeatherLiteUITests */,
			);
		};
/* End PBXProject section */

/* Begin PBXResourcesBuildPhase section */
		1A56A7292D0EF0AF0024D880 /* Resources */ = {
			isa = PBXResourcesBuildPhase;
			buildActionMask = 2147483647;
			files = (
			);
			runOnlyForDeploymentPostprocessing = 0;
		};
		1A56A7392D0EF0D10024D880 /* Resources */ = {
			isa = PBXResourcesBuildPhase;
			buildActionMask = 2147483647;
			files = (
			);
			runOnlyForDeploymentPostprocessing = 0;
		};
		1A56A7432D0EF0D20024D880 /* Resources */ = {
			isa = PBXResourcesBuildPhase;
			buildActionMask = 2147483647;
			files = (
			);
			runOnlyForDeploymentPostprocessing = 0;
		};
/* End PBXResourcesBuildPhase section */

/* Begin PBXSourcesBuildPhase section */
		1A56A7272D0EF0AF0024D880 /* Sources */ = {
			isa = PBXSourcesBuildPhase;
			buildActionMask = 2147483647;
			files = (
			);
			runOnlyForDeploymentPostprocessing = 0;
		};
		1A56A7372D0EF0D10024D880 /* Sources */ = {
			isa = PBXSourcesBuildPhase;
			buildActionMask = 2147483647;
			files = (
			);
			runOnlyForDeploymentPostprocessing = 0;
		};
		1A56A7412D0EF0D20024D880 /* Sources */ = {
			isa = PBXSourcesBuildPhase;
			buildActionMask = 2147483647;
			files = (
			);
			runOnlyForDeploymentPostprocessing = 0;
		};
/* End PBXSourcesBuildPhase section */

/* Begin PBXTargetDependency section */
		1A56A73D2D0EF0D20024D880 /* PBXTargetDependency */ = {
			isa = PBXTargetDependency;
			target = 1A56A72A2D0EF0AF0024D880 /* WeatherLite */;
			targetProxy = 1A56A73C2D0EF0D20024D880 /* PBXContainerItemProxy */;
		};
		1A56A7472D0EF0D20024D880 /* PBXTargetDependency */ = {
			isa = PBXTargetDependency;
			target = 1A56A72A2D0EF0AF0024D880 /* WeatherLite */;
			targetProxy = 1A56A7462D0EF0D20024D880 /* PBXContainerItemProxy */;
		};
/* End PBXTargetDependency section */

/* Begin XCBuildConfiguration section */
		1A56A74D2D0EF0D20024D880 /* Debug */ = {
			isa = XCBuildConfiguration;
			buildSettings = {
				ALWAYS_SEARCH_USER_PATHS = NO;
				ASSETCATALOG_COMPILER_GENERATE_SWIFT_ASSET_SYMBOL_EXTENSIONS = YES;
				CLANG_ANALYZER_NONNULL = YES;
				CLANG_ANALYZER_NUMBER_OBJECT_CONVERSION = YES_AGGRESSIVE;
				CLANG_CXX_LANGUAGE_STANDARD = "gnu++20";
				CLANG_ENABLE_MODULES = YES;
				CLANG_ENABLE_OBJC_ARC = YES;
				CLANG_ENABLE_OBJC_WEAK = YES;
				CLANG_WARN_BLOCK_CAPTURE_AUTORELEASING = YES;
				CLANG_WARN_BOOL_CONVERSION = YES;
				CLANG_WARN_COMMA = YES;
				CLANG_WARN_CONSTANT_CONVERSION = YES;
				CLANG_WARN_DEPRECATED_OBJC_IMPLEMENTATIONS = YES;
				CLANG_WARN_DIRECT_OBJC_ISA_USAGE = YES_ERROR;
				CLANG_WARN_DOCUMENTATION_COMMENTS = YES;
				CLANG_WARN_EMPTY_BODY = YES;
				CLANG_WARN_ENUM_CONVERSION = YES;
				CLANG_WARN_INFINITE_RECURSION = YES;
				CLANG_WARN_INT_CONVERSION = YES;
				CLANG_WARN_NON_LITERAL_NULL_CONVERSION = YES;
				CLANG_WARN_OBJC_IMPLICIT_RETAIN_SELF = YES;
				CLANG_WARN_OBJC_LITERAL_CONVERSION = YES;
				CLANG_WARN_OBJC_ROOT_CLASS = YES_ERROR;
				CLANG_WARN_QUOTED_INCLUDE_IN_FRAMEWORK_HEADER = YES;
				CLANG_WARN_RANGE_LOOP_ANALYSIS = YES;
				CLANG_WARN_STRICT_PROTOTYPES = YES;
				CLANG_WARN_SUSPICIOUS_MOVE = YES;
				CLANG_WARN_UNGUARDED_AVAILABILITY = YES_AGGRESSIVE;
				CLANG_WARN_UNREACHABLE_CODE = YES;
				CLANG_WARN__DUPLICATE_METHOD_MATCH = YES;
				COPY_PHASE_STRIP = NO;
				DEBUG_INFORMATION_FORMAT = dwarf;
				ENABLE_STRICT_OBJC_MSGSEND = YES;
				ENABLE_TESTABILITY = YES;
				ENABLE_USER_SCRIPT_SANDBOXING = YES;
				GCC_C_LANGUAGE_STANDARD = gnu17;
				GCC_DYNAMIC_NO_PIC = NO;
				GCC_NO_COMMON_BLOCKS = YES;
				GCC_OPTIMIZATION_LEVEL = 0;
				GCC_PREPROCESSOR_DEFINITIONS = (
					"DEBUG=1",
					"$(inherited)",
				);
				GCC_WARN_64_TO_32_BIT_CONVERSION = YES;
				GCC_WARN_ABOUT_RETURN_TYPE = YES_ERROR;
				GCC_WARN_UNDECLARED_SELECTOR = YES;
				GCC_WARN_UNINITIALIZED_AUTOS = YES_AGGRESSIVE;
				GCC_WARN_UNUSED_FUNCTION = YES;
				GCC_WARN_UNUSED_VARIABLE = YES;
				IPHONEOS_DEPLOYMENT_TARGET = 18.0;
				LOCALIZATION_PREFERS_STRING_CATALOGS = YES;
				MTL_ENABLE_DEBUG_INFO = INCLUDE_SOURCE;
				MTL_FAST_MATH = YES;
				ONLY_ACTIVE_ARCH = YES;
				SDKROOT = iphoneos;
				SWIFT_ACTIVE_COMPILATION_CONDITIONS = "DEBUG $(inherited)";
				SWIFT_OPTIMIZATION_LEVEL = "-Onone";
			};
			name = Debug;
		};
		1A56A74E2D0EF0D20024D880 /* Release */ = {
			isa = XCBuildConfiguration;
			buildSettings = {
				ALWAYS_SEARCH_USER_PATHS = NO;
				ASSETCATALOG_COMPILER_GENERATE_SWIFT_ASSET_SYMBOL_EXTENSIONS = YES;
				CLANG_ANALYZER_NONNULL = YES;
				CLANG_ANALYZER_NUMBER_OBJECT_CONVERSION = YES_AGGRESSIVE;
				CLANG_CXX_LANGUAGE_STANDARD = "gnu++20";
				CLANG_ENABLE_MODULES = YES;
				CLANG_ENABLE_OBJC_ARC = YES;
				CLANG_ENABLE_OBJC_WEAK = YES;
				CLANG_WARN_BLOCK_CAPTURE_AUTORELEASING = YES;
				CLANG_WARN_BOOL_CONVERSION = YES;
				CLANG_WARN_COMMA = YES;
				CLANG_WARN_CONSTANT_CONVERSION = YES;
				CLANG_WARN_DEPRECATED_OBJC_IMPLEMENTATIONS = YES;
				CLANG_WARN_DIRECT_OBJC_ISA_USAGE = YES_ERROR;
				CLANG_WARN_DOCUMENTATION_COMMENTS = YES;
				CLANG_WARN_EMPTY_BODY = YES;
				CLANG_WARN_ENUM_CONVERSION = YES;
				CLANG_WARN_INFINITE_RECURSION = YES;
				CLANG_WARN_INT_CONVERSION = YES;
				CLANG_WARN_NON_LITERAL_NULL_CONVERSION = YES;
				CLANG_WARN_OBJC_IMPLICIT_RETAIN_SELF = YES;
				CLANG_WARN_OBJC_LITERAL_CONVERSION = YES;
				CLANG_WARN_OBJC_ROOT_CLASS = YES_ERROR;
				CLANG_WARN_QUOTED_INCLUDE_IN_FRAMEWORK_HEADER = YES;
				CLANG_WARN_RANGE_LOOP_ANALYSIS = YES;
				CLANG_WARN_STRICT_PROTOTYPES = YES;
				CLANG_WARN_SUSPICIOUS_MOVE = YES;
				CLANG_WARN_UNGUARDED_AVAILABILITY = YES_AGGRESSIVE;
				CLANG_WARN_UNREACHABLE_CODE = YES;
				CLANG_WARN__DUPLICATE_METHOD_MATCH = YES;
				COPY_PHASE_STRIP = NO;
				DEBUG_INFORMATION_FORMAT = "dwarf-with-dsym";
				ENABLE_NS_ASSERTIONS = NO;
				ENABLE_STRICT_OBJC_MSGSEND = YES;
				ENABLE_USER_SCRIPT_SANDBOXING = YES;
				GCC_C_LANGUAGE_STANDARD = gnu17;
				GCC_NO_COMMON_BLOCKS = YES;
				GCC_WARN_64_TO_32_BIT_CONVERSION = YES;
				GCC_WARN_ABOUT_RETURN_TYPE = YES_ERROR;
				GCC_WARN_UNDECLARED_SELECTOR = YES;
				GCC_WARN_UNINITIALIZED_AUTOS = YES_AGGRESSIVE;
				GCC_WARN_UNUSED_FUNCTION = YES;
				GCC_WARN_UNUSED_VARIABLE = YES;
				IPHONEOS_DEPLOYMENT_TARGET = 18.0;
				LOCALIZATION_PREFERS_STRING_CATALOGS = YES;
				MTL_ENABLE_DEBUG_INFO = NO;
				MTL_FAST_MATH = YES;
				SDKROOT = iphoneos;
				SWIFT_COMPILATION_MODE = wholemodule;
				VALIDATE_PRODUCT = YES;
			};
			name = Release;
		};
		1A56A7502D0EF0D20024D880 /* Debug */ = {
			isa = XCBuildConfiguration;
			buildSettings = {
				ASSETCATALOG_COMPILER_APPICON_NAME = AppIcon;
				ASSETCATALOG_COMPILER_GLOBAL_ACCENT_COLOR_NAME = AccentColor;
				CODE_SIGN_STYLE = Automatic;
				CURRENT_PROJECT_VERSION = 1;
				DEVELOPMENT_ASSET_PATHS = "\"WeatherLite/Preview Content\"";
				DEVELOPMENT_TEAM = 76JYGSF4V5;
				ENABLE_PREVIEWS = YES;
				GENERATE_INFOPLIST_FILE = YES;
				INFOPLIST_KEY_UIApplicationSceneManifest_Generation = YES;
				INFOPLIST_KEY_UIApplicationSupportsIndirectInputEvents = YES;
				INFOPLIST_KEY_UILaunchScreen_Generation = YES;
				INFOPLIST_KEY_UISupportedInterfaceOrientations_iPad = "UIInterfaceOrientationPortrait UIInterfaceOrientationPortraitUpsideDown UIInterfaceOrientationLandscapeLeft UIInterfaceOrientationLandscapeRight";
				INFOPLIST_KEY_UISupportedInterfaceOrientations_iPhone = "UIInterfaceOrientationPortrait UIInterfaceOrientationLandscapeLeft UIInterfaceOrientationLandscapeRight";
				LD_RUNPATH_SEARCH_PATHS = (
					"$(inherited)",
					"@executable_path/Frameworks",
				);
				MARKETING_VERSION = 1.0;
				PRODUCT_BUNDLE_IDENTIFIER = com.rajnarayan;
				PRODUCT_NAME = "$(TARGET_NAME)";
				SWIFT_EMIT_LOC_STRINGS = YES;
				SWIFT_VERSION = 5.0;
				TARGETED_DEVICE_FAMILY = "1,2";
			};
			name = Debug;
		};
		1A56A7512D0EF0D20024D880 /* Release */ = {
			isa = XCBuildConfiguration;
			buildSettings = {
				ASSETCATALOG_COMPILER_APPICON_NAME = AppIcon;
				ASSETCATALOG_COMPILER_GLOBAL_ACCENT_COLOR_NAME = AccentColor;
				CODE_SIGN_STYLE = Automatic;
				CURRENT_PROJECT_VERSION = 1;
				DEVELOPMENT_ASSET_PATHS = "\"WeatherLite/Preview Content\"";
				DEVELOPMENT_TEAM = 76JYGSF4V5;
				ENABLE_PREVIEWS = YES;
				GENERATE_INFOPLIST_FILE = YES;
				INFOPLIST_KEY_UIApplicationSceneManifest_Generation = YES;
				INFOPLIST_KEY_UIApplicationSupportsIndirectInputEvents = YES;
				INFOPLIST_KEY_UILaunchScreen_Generation = YES;
				INFOPLIST_KEY_UISupportedInterfaceOrientations_iPad = "UIInterfaceOrientationPortrait UIInterfaceOrientationPortraitUpsideDown UIInterfaceOrientationLandscapeLeft UIInterfaceOrientationLandscapeRight";
				INFOPLIST_KEY_UISupportedInterfaceOrientations_iPhone = "UIInterfaceOrientationPortrait UIInterfaceOrientationLandscapeLeft UIInterfaceOrientationLandscapeRight";
				LD_RUNPATH_SEARCH_PATHS = (
					"$(inherited)",
					"@executable_path/Frameworks",
				);
				MARKETING_VERSION = 1.0;
				PRODUCT_BUNDLE_IDENTIFIER = com.rajnarayan;
				PRODUCT_NAME = "$(TARGET_NAME)";
				SWIFT_EMIT_LOC_STRINGS = YES;
				SWIFT_VERSION = 5.0;
				TARGETED_DEVICE_FAMILY = "1,2";
			};
			name = Release;
		};
		1A56A7532D0EF0D20024D880 /* Debug */ = {
			isa = XCBuildConfiguration;
			buildSettings = {
				BUNDLE_LOADER = "$(TEST_HOST)";
				CODE_SIGN_STYLE = Automatic;
				CURRENT_PROJECT_VERSION = 1;
				DEVELOPMENT_TEAM = 76JYGSF4V5;
				GENERATE_INFOPLIST_FILE = YES;
				IPHONEOS_DEPLOYMENT_TARGET = 18.2;
				MARKETING_VERSION = 1.0;
				PRODUCT_BUNDLE_IDENTIFIER = io.rajNarayanSharma.WeatherLiteTests;
				PRODUCT_NAME = "$(TARGET_NAME)";
				SWIFT_EMIT_LOC_STRINGS = NO;
				SWIFT_VERSION = 5.0;
				TARGETED_DEVICE_FAMILY = "1,2";
				TEST_HOST = "$(BUILT_PRODUCTS_DIR)/WeatherLite.app/$(BUNDLE_EXECUTABLE_FOLDER_PATH)/WeatherLite";
			};
			name = Debug;
		};
		1A56A7542D0EF0D20024D880 /* Release */ = {
			isa = XCBuildConfiguration;
			buildSettings = {
				BUNDLE_LOADER = "$(TEST_HOST)";
				CODE_SIGN_STYLE = Automatic;
				CURRENT_PROJECT_VERSION = 1;
				DEVELOPMENT_TEAM = 76JYGSF4V5;
				GENERATE_INFOPLIST_FILE = YES;
				IPHONEOS_DEPLOYMENT_TARGET = 18.2;
				MARKETING_VERSION = 1.0;
				PRODUCT_BUNDLE_IDENTIFIER = io.rajNarayanSharma.WeatherLiteTests;
				PRODUCT_NAME = "$(TARGET_NAME)";
				SWIFT_EMIT_LOC_STRINGS = NO;
				SWIFT_VERSION = 5.0;
				TARGETED_DEVICE_FAMILY = "1,2";
				TEST_HOST = "$(BUILT_PRODUCTS_DIR)/WeatherLite.app/$(BUNDLE_EXECUTABLE_FOLDER_PATH)/WeatherLite";
			};
			name = Release;
		};
		1A56A7562D0EF0D20024D880 /* Debug */ = {
			isa = XCBuildConfiguration;
			buildSettings = {
				"CODE_SIGN_IDENTITY[sdk=macosx*]" = "-";
				CODE_SIGN_STYLE = Automatic;
				CURRENT_PROJECT_VERSION = 1;
				DEVELOPMENT_TEAM = 76JYGSF4V5;
				GENERATE_INFOPLIST_FILE = YES;
				MARKETING_VERSION = 1.0;
				PRODUCT_BUNDLE_IDENTIFIER = ios.rajNarayanSharma.WeatherLiteUITests;
				PRODUCT_NAME = "$(TARGET_NAME)";
				SWIFT_EMIT_LOC_STRINGS = NO;
				SWIFT_VERSION = 5.0;
				TARGETED_DEVICE_FAMILY = "1,2";
				TEST_TARGET_NAME = WeatherLite;
			};
			name = Debug;
		};
		1A56A7572D0EF0D20024D880 /* Release */ = {
			isa = XCBuildConfiguration;
			buildSettings = {
				"CODE_SIGN_IDENTITY[sdk=macosx*]" = "-";
				CODE_SIGN_STYLE = Automatic;
				CURRENT_PROJECT_VERSION = 1;
				DEVELOPMENT_TEAM = 76JYGSF4V5;
				GENERATE_INFOPLIST_FILE = YES;
				MARKETING_VERSION = 1.0;
				PRODUCT_BUNDLE_IDENTIFIER = ios.rajNarayanSharma.WeatherLiteUITests;
				PRODUCT_NAME = "$(TARGET_NAME)";
				SWIFT_EMIT_LOC_STRINGS = NO;
				SWIFT_VERSION = 5.0;
				TARGETED_DEVICE_FAMILY = "1,2";
				TEST_TARGET_NAME = WeatherLite;
			};
			name = Release;
		};
/* End XCBuildConfiguration section */

/* Begin XCConfigurationList section */
		1A56A7262D0EF0AF0024D880 /* Build configuration list for PBXProject "WeatherLite" */ = {
			isa = XCConfigurationList;
			buildConfigurations = (
				1A56A74D2D0EF0D20024D880 /* Debug */,
				1A56A74E2D0EF0D20024D880 /* Release */,
			);
			defaultConfigurationIsVisible = 0;
			defaultConfigurationName = Release;
		};
		1A56A74F2D0EF0D20024D880 /* Build configuration list for PBXNativeTarget "WeatherLite" */ = {
			isa = XCConfigurationList;
			buildConfigurations = (
				1A56A7502D0EF0D20024D880 /* Debug */,
				1A56A7512D0EF0D20024D880 /* Release */,
			);
			defaultConfigurationIsVisible = 0;
			defaultConfigurationName = Release;
		};
		1A56A7522D0EF0D20024D880 /* Build configuration list for PBXNativeTarget "WeatherLiteTests" */ = {
			isa = XCConfigurationList;
			buildConfigurations = (
				1A56A7532D0EF0D20024D880 /* Debug */,
				1A56A7542D0EF0D20024D880 /* Release */,
			);
			defaultConfigurationIsVisible = 0;
			defaultConfigurationName = Release;
		};
		1A56A7552D0EF0D20024D880 /* Build configuration list for PBXNativeTarget "WeatherLiteUITests" */ = {
			isa = XCConfigurationList;
			buildConfigurations = (
				1A56A7562D0EF0D20024D880 /* Debug */,
				1A56A7572D0EF0D20024D880 /* Release */,
			);
			defaultConfigurationIsVisible = 0;
			defaultConfigurationName = Release;
		};
/* End XCConfigurationList section */

/* Begin XCRemoteSwiftPackageReference section */
		1A08DE402D15A4EE00F49C6A /* XCRemoteSwiftPackageReference "lottie-ios" */ = {
			isa = XCRemoteSwiftPackageReference;
			repositoryURL = "https://github.com/airbnb/lottie-ios.git";
			requirement = {
				kind = upToNextMajorVersion;
				minimumVersion = 4.5.0;
			};
		};
/* End XCRemoteSwiftPackageReference section */

/* Begin XCSwiftPackageProductDependency section */
		1A08DE412D15A4EE00F49C6A /* Lottie */ = {
			isa = XCSwiftPackageProductDependency;
			package = 1A08DE402D15A4EE00F49C6A /* XCRemoteSwiftPackageReference "lottie-ios" */;
			productName = Lottie;
		};
/* End XCSwiftPackageProductDependency section */
	};
	rootObject = 1A56A7232D0EF0AE0024D880 /* Project object */;
}
